
Microsoft Visual Studio Solution File, Format Version 12.00
# Visual Studio 15
VisualStudioVersion = 15.0.28010.2050
MinimumVisualStudioVersion = 10.0.40219.1
Project("{F184B08F-C81C-45F6-A57F-5ABD9991F28F}") = "Hierarchy Ordering System", "Hierarchy Ordering System\Hierarchy Ordering System.vbproj", "{88FC34D3-A563-4552-A9EA-AEFB9C65BBF2}"
EndProject
Global
	GlobalSection(SolutionConfigurationPlatforms) = preSolution
		Debug|Any CPU = Debug|Any CPU
		Release|Any CPU = Release|Any CPU
	EndGlobalSection
	GlobalSection(ProjectConfigurationPlatforms) = postSolution
		{88FC34D3-A563-4552-A9EA-AEFB9C65BBF2}.Debug|Any CPU.ActiveCfg = Debug|Any CPU
		{88FC34D3-A563-4552-A9EA-AEFB9C65BBF2}.Debug|Any CPU.Build.0 = Debug|Any CPU
		{88FC34D3-A563-4552-A9EA-AEFB9C65BBF2}.Release|Any CPU.ActiveCfg = Release|Any CPU
		{88FC34D3-A563-4552-A9EA-AEFB9C65BBF2}.Release|Any CPU.Build.0 = Release|Any CPU
	EndGlobalSection
	GlobalSection(SolutionProperties) = preSolution
		HideSolutionNode = FALSE
	EndGlobalSection
	GlobalSection(ExtensibilityGlobals) = postSolution
		SolutionGuid = {27A5B654-F89C-410C-B8E1-B4C7623A08B5}
	EndGlobalSection
EndGlobal
